
Microsoft Visual Studio Solution File, Format Version 12.00
# Visual Studio Version 16
VisualStudioVersion = 16.0.30114.105
MinimumVisualStudioVersion = 10.0.40219.1
Project("{FAE04EC0-301F-11D3-BF4B-00C04F79EFBC}") = "Blitz", "Blitz\Blitz.csproj", "{F3143817-B5AC-4B10-9FBF-EF66132E8373}"
EndProject
Global
	GlobalSection(SolutionConfigurationPlatforms) = preSolution
		Debug|Any CPU = Debug|Any CPU
		Release|Any CPU = Release|Any CPU
	EndGlobalSection
	GlobalSection(ProjectConfigurationPlatforms) = postSolution
		{F3143817-B5AC-4B10-9FBF-EF66132E8373}.Debug|Any CPU.ActiveCfg = Debug|Any CPU
		{F3143817-B5AC-4B10-9FBF-EF66132E8373}.Debug|Any CPU.Build.0 = Debug|Any CPU
		{F3143817-B5AC-4B10-9FBF-EF66132E8373}.Release|Any CPU.ActiveCfg = Release|Any CPU
		{F3143817-B5AC-4B10-9FBF-EF66132E8373}.Release|Any CPU.Build.0 = Release|Any CPU
	EndGlobalSection
	GlobalSection(SolutionProperties) = preSolution
		HideSolutionNode = FALSE
	EndGlobalSection
	GlobalSection(ExtensibilityGlobals) = postSolution
		SolutionGuid = {55C42A03-ED3D-491C-A43E-34C3E79C8FAB}
	EndGlobalSection
EndGlobal
